
Microsoft Visual Studio Solution File, Format Version 12.00
# Visual Studio 15
VisualStudioVersion = 15.0.28307.852
MinimumVisualStudioVersion = 10.0.40219.1
Project("{FAE04EC0-301F-11D3-BF4B-00C04F79EFBC}") = "ManagementUI", "ManagementUI\ManagementUI.csproj", "{358BCB7F-7BFC-43B6-A0FD-29F57611D3F0}"
EndProject
Global
	GlobalSection(SolutionConfigurationPlatforms) = preSolution
		Debug|Any CPU = Debug|Any CPU
		Release|Any CPU = Release|Any CPU
	EndGlobalSection
	GlobalSection(ProjectConfigurationPlatforms) = postSolution
		{358BCB7F-7BFC-43B6-A0FD-29F57611D3F0}.Debug|Any CPU.ActiveCfg = Debug|Any CPU
		{358BCB7F-7BFC-43B6-A0FD-29F57611D3F0}.Debug|Any CPU.Build.0 = Debug|Any CPU
		{358BCB7F-7BFC-43B6-A0FD-29F57611D3F0}.Release|Any CPU.ActiveCfg = Release|Any CPU
		{358BCB7F-7BFC-43B6-A0FD-29F57611D3F0}.Release|Any CPU.Build.0 = Release|Any CPU
	EndGlobalSection
	GlobalSection(SolutionProperties) = preSolution
		HideSolutionNode = FALSE
	EndGlobalSection
	GlobalSection(ExtensibilityGlobals) = postSolution
		SolutionGuid = {619FA94D-E0A1-48CB-ABC5-BB33BCE30692}
	EndGlobalSection
EndGlobal
